
Microsoft Visual Studio Solution File, Format Version 12.00
# Visual Studio 2012
Project("{FAE04EC0-301F-11D3-BF4B-00C04F79EFBC}") = "SQuilL", "SQuilL\SQuilL.csproj", "{081F5894-1CC6-429C-BC29-50A2B4DC0D62}"
EndProject
Global
	GlobalSection(SolutionConfigurationPlatforms) = preSolution
		Debug|Any CPU = Debug|Any CPU
		Release|Any CPU = Release|Any CPU
	EndGlobalSection
	GlobalSection(ProjectConfigurationPlatforms) = postSolution
		{081F5894-1CC6-429C-BC29-50A2B4DC0D62}.Debug|Any CPU.ActiveCfg = Debug|Any CPU
		{081F5894-1CC6-429C-BC29-50A2B4DC0D62}.Debug|Any CPU.Build.0 = Debug|Any CPU
		{081F5894-1CC6-429C-BC29-50A2B4DC0D62}.Release|Any CPU.ActiveCfg = Release|Any CPU
		{081F5894-1CC6-429C-BC29-50A2B4DC0D62}.Release|Any CPU.Build.0 = Release|Any CPU
	EndGlobalSection
	GlobalSection(SolutionProperties) = preSolution
		HideSolutionNode = FALSE
	EndGlobalSection
EndGlobal
